
Microsoft Visual Studio Solution File, Format Version 12.00
# Visual Studio Version 16
VisualStudioVersion = 16.0.31624.102
MinimumVisualStudioVersion = 10.0.40219.1
Project("{FAE04EC0-301F-11D3-BF4B-00C04F79EFBC}") = "Metro Lublino 1125", "Metro Lublino 1125\Metro Lublino 1125.csproj", "{98839802-31E3-427E-9963-EB23D7096BAB}"
EndProject
Global
	GlobalSection(SolutionConfigurationPlatforms) = preSolution
		Debug|Any CPU = Debug|Any CPU
		Release|Any CPU = Release|Any CPU
	EndGlobalSection
	GlobalSection(ProjectConfigurationPlatforms) = postSolution
		{98839802-31E3-427E-9963-EB23D7096BAB}.Debug|Any CPU.ActiveCfg = Debug|Any CPU
		{98839802-31E3-427E-9963-EB23D7096BAB}.Debug|Any CPU.Build.0 = Debug|Any CPU
		{98839802-31E3-427E-9963-EB23D7096BAB}.Release|Any CPU.ActiveCfg = Release|Any CPU
		{98839802-31E3-427E-9963-EB23D7096BAB}.Release|Any CPU.Build.0 = Release|Any CPU
	EndGlobalSection
	GlobalSection(SolutionProperties) = preSolution
		HideSolutionNode = FALSE
	EndGlobalSection
	GlobalSection(ExtensibilityGlobals) = postSolution
		SolutionGuid = {2AF3FCF3-DD84-4333-B388-99684243D6A2}
	EndGlobalSection
EndGlobal
